
Microsoft Visual Studio Solution File, Format Version 12.00
# Visual Studio Version 16
VisualStudioVersion = 16.0.32407.337
MinimumVisualStudioVersion = 10.0.40219.1
Project("{FAE04EC0-301F-11D3-BF4B-00C04F79EFBC}") = "Largest Number After Digit Swaps by Parity", "Largest Number After Digit Swaps by Parity\Largest Number After Digit Swaps by Parity.csproj", "{211E57B1-30FD-4B6A-A568-EEAFA31286A3}"
EndProject
Global
	GlobalSection(SolutionConfigurationPlatforms) = preSolution
		Debug|Any CPU = Debug|Any CPU
		Release|Any CPU = Release|Any CPU
	EndGlobalSection
	GlobalSection(ProjectConfigurationPlatforms) = postSolution
		{211E57B1-30FD-4B6A-A568-EEAFA31286A3}.Debug|Any CPU.ActiveCfg = Debug|Any CPU
		{211E57B1-30FD-4B6A-A568-EEAFA31286A3}.Debug|Any CPU.Build.0 = Debug|Any CPU
		{211E57B1-30FD-4B6A-A568-EEAFA31286A3}.Release|Any CPU.ActiveCfg = Release|Any CPU
		{211E57B1-30FD-4B6A-A568-EEAFA31286A3}.Release|Any CPU.Build.0 = Release|Any CPU
	EndGlobalSection
	GlobalSection(SolutionProperties) = preSolution
		HideSolutionNode = FALSE
	EndGlobalSection
	GlobalSection(ExtensibilityGlobals) = postSolution
		SolutionGuid = {E05B664F-A16E-4753-828B-AD787352CE94}
	EndGlobalSection
EndGlobal
